
Microsoft Visual Studio Solution File, Format Version 12.00
# Visual Studio Version 17
VisualStudioVersion = 17.0.31903.59
MinimumVisualStudioVersion = 10.0.40219.1
Project("{FAE04EC0-301F-11D3-BF4B-00C04F79EFBC}") = "Bank.Domain", "Bank.Domain\Bank.Domain.csproj", "{F6EF9465-BEA9-4C6D-BA12-2DB6E76CE9F4}"
EndProject
Project("{FAE04EC0-301F-11D3-BF4B-00C04F79EFBC}") = "Bank.Domain.Tests", "Bank.Domain.Tests\Bank.Domain.Tests.csproj", "{30BB43C3-80C6-4BD4-88F9-1C43A1BF40B0}"
EndProject
Global
	GlobalSection(SolutionConfigurationPlatforms) = preSolution
		Debug|Any CPU = Debug|Any CPU
		Release|Any CPU = Release|Any CPU
	EndGlobalSection
	GlobalSection(SolutionProperties) = preSolution
		HideSolutionNode = FALSE
	EndGlobalSection
	GlobalSection(ProjectConfigurationPlatforms) = postSolution
		{F6EF9465-BEA9-4C6D-BA12-2DB6E76CE9F4}.Debug|Any CPU.ActiveCfg = Debug|Any CPU
		{F6EF9465-BEA9-4C6D-BA12-2DB6E76CE9F4}.Debug|Any CPU.Build.0 = Debug|Any CPU
		{F6EF9465-BEA9-4C6D-BA12-2DB6E76CE9F4}.Release|Any CPU.ActiveCfg = Release|Any CPU
		{F6EF9465-BEA9-4C6D-BA12-2DB6E76CE9F4}.Release|Any CPU.Build.0 = Release|Any CPU
		{30BB43C3-80C6-4BD4-88F9-1C43A1BF40B0}.Debug|Any CPU.ActiveCfg = Debug|Any CPU
		{30BB43C3-80C6-4BD4-88F9-1C43A1BF40B0}.Debug|Any CPU.Build.0 = Debug|Any CPU
		{30BB43C3-80C6-4BD4-88F9-1C43A1BF40B0}.Release|Any CPU.ActiveCfg = Release|Any CPU
		{30BB43C3-80C6-4BD4-88F9-1C43A1BF40B0}.Release|Any CPU.Build.0 = Release|Any CPU
	EndGlobalSection
EndGlobal
